// !$*UTF8*$!
{
	archiveVersion = 1;
	classes = {
	};
	objectVersion = 50;
	objects = {

/* Begin PBXBuildFile section */
		CA9AF91E20F758FA0092E0AB /* AppDelegate.swift in Sources */ = {isa = PBXBuildFile; fileRef = CA9AF91D20F758FA0092E0AB /* AppDelegate.swift */; };
		CA9AF92020F758FA0092E0AB /* ViewController.swift in Sources */ = {isa = PBXBuildFile; fileRef = CA9AF91F20F758FA0092E0AB /* ViewController.swift */; };
		CA9AF92320F758FB0092E0AB /* Main.storyboard in Resources */ = {isa = PBXBuildFile; fileRef = CA9AF92120F758FB0092E0AB /* Main.storyboard */; };
		CA9AF92520F759030092E0AB /* Assets.xcassets in Resources */ = {isa = PBXBuildFile; fileRef = CA9AF92420F759030092E0AB /* Assets.xcassets */; };
		CA9AF92820F759030092E0AB /* LaunchScreen.storyboard in Resources */ = {isa = PBXBuildFile; fileRef = CA9AF92620F759030092E0AB /* LaunchScreen.storyboard */; };
		CA9AF93A20F78B960092E0AB /* 360Video.mp4 in Resources */ = {isa = PBXBuildFile; fileRef = CA9AF93920F78B960092E0AB /* 360Video.mp4 */; };
/* End PBXBuildFile section */

/* Begin PBXFileReference section */
		CA9AF91A20F758FA0092E0AB /* AR 360 Video Portal.app */ = {isa = PBXFileReference; explicitFileType = wrapper.application; includeInIndex = 0; path = "AR 360 Video Portal.app"; sourceTree = BUILT_PRODUCTS_DIR; };
		CA9AF91D20F758FA0092E0AB /* AppDelegate.swift */ = {isa = PBXFileReference; lastKnownFileType = sourcecode.swift; path = AppDelegate.swift; sourceTree = "<group>"; };
		CA9AF91F20F758FA0092E0AB /* ViewController.swift */ = {isa = PBXFileReference; lastKnownFileType = sourcecode.swift; path = ViewController.swift; sourceTree = "<group>"; };
		CA9AF92220F758FB0092E0AB /* Base */ = {isa = PBXFileReference; lastKnownFileType = file.storyboard; name = Base; path = Base.lproj/Main.storyboard; sourceTree = "<group>"; };
		CA9AF92420F759030092E0AB /* Assets.xcassets */ = {isa = PBXFileReference; lastKnownFileType = folder.assetcatalog; path = Assets.xcassets; sourceTree = "<group>"; };
		CA9AF92720F759030092E0AB /* Base */ = {isa = PBXFileReference; lastKnownFileType = file.storyboard; name = Base; path = Base.lproj/LaunchScreen.storyboard; sourceTree = "<group>"; };
		CA9AF92920F759030092E0AB /* Info.plist */ = {isa = PBXFileReference; lastKnownFileType = text.plist.xml; path = Info.plist; sourceTree = "<group>"; };
		CA9AF93920F78B960092E0AB /* 360Video.mp4 */ = {isa = PBXFileReference; lastKnownFileType = file; path = 360Video.mp4; sourceTree = "<group>"; };
/* End PBXFileReference section */

/* Begin PBXFrameworksBuildPhase section */
		CA9AF91720F758FA0092E0AB /* Frameworks */ = {
			isa = PBXFrameworksBuildPhase;
			buildActionMask = 2147483647;
			files = (
			);
			runOnlyForDeploymentPostprocessing = 0;
		};
/* End PBXFrameworksBuildPhase section */

/* Begin PBXGroup section */
		CA9AF91120F758FA0092E0AB = {
			isa = PBXGroup;
			children = (
				CA9AF93920F78B960092E0AB /* 360Video.mp4 */,
				CA9AF91C20F758FA0092E0AB /* 360 Video */,
				CA9AF91B20F758FA0092E0AB /* Products */,
			);
			sourceTree = "<group>";
		};
		CA9AF91B20F758FA0092E0AB /* Products */ = {
			isa = PBXGroup;
			children = (
				CA9AF91A20F758FA0092E0AB /* AR 360 Video Portal.app */,
			);
			name = Products;
			sourceTree = "<group>";
		};
		CA9AF91C20F758FA0092E0AB /* 360 Video */ = {
			isa = PBXGroup;
			children = (
				CA9AF91D20F758FA0092E0AB /* AppDelegate.swift */,
				CA9AF91F20F758FA0092E0AB /* ViewController.swift */,
				CA9AF92120F758FB0092E0AB /* Main.storyboard */,
				CA9AF92420F759030092E0AB /* Assets.xcassets */,
				CA9AF92620F759030092E0AB /* LaunchScreen.storyboard */,
				CA9AF92920F759030092E0AB /* Info.plist */,
			);
			path = "360 Video";
			sourceTree = "<group>";
		};
/* End PBXGroup section */

/* Begin PBXNativeTarget section */
		CA9AF91920F758FA0092E0AB /* AR 360 Video Portal */ = {
			isa = PBXNativeTarget;
			buildConfigurationList = CA9AF92C20F759030092E0AB /* Build configuration list for PBXNativeTarget "AR 360 Video Portal" */;
			buildPhases = (
				CA9AF91620F758FA0092E0AB /* Sources */,
				CA9AF91720F758FA0092E0AB /* Frameworks */,
				CA9AF91820F758FA0092E0AB /* Resources */,
			);
			buildRules = (
			);
			dependencies = (
			);
			name = "AR 360 Video Portal";
			productName = "360 Video";
			productReference = CA9AF91A20F758FA0092E0AB /* AR 360 Video Portal.app */;
			productType = "com.apple.product-type.application";
		};
/* End PBXNativeTarget section */

/* Begin PBXProject section */
		CA9AF91220F758FA0092E0AB /* Project object */ = {
			isa = PBXProject;
			attributes = {
				LastSwiftUpdateCheck = 0940;
				LastUpgradeCheck = 0940;
				ORGANIZATIONNAME = Edison;
				TargetAttributes = {
					CA9AF91920F758FA0092E0AB = {
						CreatedOnToolsVersion = 9.4.1;
					};
				};
			};
			buildConfigurationList = CA9AF91520F758FA0092E0AB /* Build configuration list for PBXProject "AR 360 Video Portal" */;
			compatibilityVersion = "Xcode 9.3";
			developmentRegion = en;
			hasScannedForEncodings = 0;
			knownRegions = (
				en,
				Base,
			);
			mainGroup = CA9AF91120F758FA0092E0AB;
			productRefGroup = CA9AF91B20F758FA0092E0AB /* Products */;
			projectDirPath = "";
			projectRoot = "";
			targets = (
				CA9AF91920F758FA0092E0AB /* AR 360 Video Portal */,
			);
		};
/* End PBXProject section */

/* Begin PBXResourcesBuildPhase section */
		CA9AF91820F758FA0092E0AB /* Resources */ = {
			isa = PBXResourcesBuildPhase;
			buildActionMask = 2147483647;
			files = (
				CA9AF93A20F78B960092E0AB /* 360Video.mp4 in Resources */,
				CA9AF92820F759030092E0AB /* LaunchScreen.storyboard in Resources */,
				CA9AF92520F759030092E0AB /* Assets.xcassets in Resources */,
				CA9AF92320F758FB0092E0AB /* Main.storyboard in Resources */,
			);
			runOnlyForDeploymentPostprocessing = 0;
		};
/* End PBXResourcesBuildPhase section */

/* Begin PBXSourcesBuildPhase section */
		CA9AF91620F758FA0092E0AB /* Sources */ = {
			isa = PBXSourcesBuildPhase;
			buildActionMask = 2147483647;
			files = (
				CA9AF92020F758FA0092E0AB /* ViewController.swift in Sources */,
				CA9AF91E20F758FA0092E0AB /* AppDelegate.swift in Sources */,
			);
			runOnlyForDeploymentPostprocessing = 0;
		};
/* End PBXSourcesBuildPhase section */

/* Begin PBXVariantGroup section */
		CA9AF92120F758FB0092E0AB /* Main.storyboard */ = {
			isa = PBXVariantGroup;
			children = (
				CA9AF92220F758FB0092E0AB /* Base */,
			);
			name = Main.storyboard;
			sourceTree = "<group>";
		};
		CA9AF92620F759030092E0AB /* LaunchScreen.storyboard */ = {
			isa = PBXVariantGroup;
			children = (
				CA9AF92720F759030092E0AB /* Base */,
			);
			name = LaunchScreen.storyboard;
			sourceTree = "<group>";
		};
/* End PBXVariantGroup section */

/* Begin XCBuildConfiguration section */
		CA9AF92A20F759030092E0AB /* Debug */ = {
			isa = XCBuildConfiguration;
			buildSettings = {
				ALWAYS_SEARCH_USER_PATHS = NO;
				CLANG_ANALYZER_NONNULL = YES;
				CLANG_ANALYZER_NUMBER_OBJECT_CONVERSION = YES_AGGRESSIVE;
				CLANG_CXX_LANGUAGE_STANDARD = "gnu++14";
				CLANG_CXX_LIBRARY = "libc++";
				CLANG_ENABLE_MODULES = YES;
				CLANG_ENABLE_OBJC_ARC = YES;
				CLANG_ENABLE_OBJC_WEAK = YES;
				CLANG_WARN_BLOCK_CAPTURE_AUTORELEASING = YES;
				CLANG_WARN_BOOL_CONVERSION = YES;
				CLANG_WARN_COMMA = YES;
				CLANG_WARN_CONSTANT_CONVERSION = YES;
				CLANG_WARN_DEPRECATED_OBJC_IMPLEMENTATIONS = YES;
				CLANG_WARN_DIRECT_OBJC_ISA_USAGE = YES_ERROR;
				CLANG_WARN_DOCUMENTATION_COMMENTS = YES;
				CLANG_WARN_EMPTY_BODY = YES;
				CLANG_WARN_ENUM_CONVERSION = YES;
				CLANG_WARN_INFINITE_RECURSION = YES;
				CLANG_WARN_INT_CONVERSION = YES;
				CLANG_WARN_NON_LITERAL_NULL_CONVERSION = YES;
				CLANG_WARN_OBJC_IMPLICIT_RETAIN_SELF = YES;
				CLANG_WARN_OBJC_LITERAL_CONVERSION = YES;
				CLANG_WARN_OBJC_ROOT_CLASS = YES_ERROR;
				CLANG_WARN_RANGE_LOOP_ANALYSIS = YES;
				CLANG_WARN_STRICT_PROTOTYPES = YES;
				CLANG_WARN_SUSPICIOUS_MOVE = YES;
				CLANG_WARN_UNGUARDED_AVAILABILITY = YES_AGGRESSIVE;
				CLANG_WARN_UNREACHABLE_CODE = YES;
				CLANG_WARN__DUPLICATE_METHOD_MATCH = YES;
				CODE_SIGN_IDENTITY = "iPhone Developer";
				COPY_PHASE_STRIP = NO;
				DEBUG_INFORMATION_FORMAT = dwarf;
				ENABLE_STRICT_OBJC_MSGSEND = YES;
				ENABLE_TESTABILITY = YES;
				GCC_C_LANGUAGE_STANDARD = gnu11;
				GCC_DYNAMIC_NO_PIC = NO;
				GCC_NO_COMMON_BLOCKS = YES;
				GCC_OPTIMIZATION_LEVEL = 0;
				GCC_PREPROCESSOR_DEFINITIONS = (
					"DEBUG=1",
					"$(inherited)",
				);
				GCC_WARN_64_TO_32_BIT_CONVERSION = YES;
				GCC_WARN_ABOUT_RETURN_TYPE = YES_ERROR;
				GCC_WARN_UNDECLARED_SELECTOR = YES;
				GCC_WARN_UNINITIALIZED_AUTOS = YES_AGGRESSIVE;
				GCC_WARN_UNUSED_FUNCTION = YES;
				GCC_WARN_UNUSED_VARIABLE = YES;
				IPHONEOS_DEPLOYMENT_TARGET = 11.4;
				MTL_ENABLE_DEBUG_INFO = YES;
				ONLY_ACTIVE_ARCH = YES;
				SDKROOT = iphoneos;
				SWIFT_ACTIVE_COMPILATION_CONDITIONS = DEBUG;
				SWIFT_OPTIMIZATION_LEVEL = "-Onone";
			};
			name = Debug;
		};
		CA9AF92B20F759030092E0AB /* Release */ = {
			isa = XCBuildConfiguration;
			buildSettings = {
				ALWAYS_SEARCH_USER_PATHS = NO;
				CLANG_ANALYZER_NONNULL = YES;
				CLANG_ANALYZER_NUMBER_OBJECT_CONVERSION = YES_AGGRESSIVE;
				CLANG_CXX_LANGUAGE_STANDARD = "gnu++14";
				CLANG_CXX_LIBRARY = "libc++";
				CLANG_ENABLE_MODULES = YES;
				CLANG_ENABLE_OBJC_ARC = YES;
				CLANG_ENABLE_OBJC_WEAK = YES;
				CLANG_WARN_BLOCK_CAPTURE_AUTORELEASING = YES;
				CLANG_WARN_BOOL_CONVERSION = YES;
				CLANG_WARN_COMMA = YES;
				CLANG_WARN_CONSTANT_CONVERSION = YES;
				CLANG_WARN_DEPRECATED_OBJC_IMPLEMENTATIONS = YES;
				CLANG_WARN_DIRECT_OBJC_ISA_USAGE = YES_ERROR;
				CLANG_WARN_DOCUMENTATION_COMMENTS = YES;
				CLANG_WARN_EMPTY_BODY = YES;
				CLANG_WARN_ENUM_CONVERSION = YES;
				CLANG_WARN_INFINITE_RECURSION = YES;
				CLANG_WARN_INT_CONVERSION = YES;
				CLANG_WARN_NON_LITERAL_NULL_CONVERSION = YES;
				CLANG_WARN_OBJC_IMPLICIT_RETAIN_SELF = YES;
				CLANG_WARN_OBJC_LITERAL_CONVERSION = YES;
				CLANG_WARN_OBJC_ROOT_CLASS = YES_ERROR;
				CLANG_WARN_RANGE_LOOP_ANALYSIS = YES;
				CLANG_WARN_STRICT_PROTOTYPES = YES;
				CLANG_WARN_SUSPICIOUS_MOVE = YES;
				CLANG_WARN_UNGUARDED_AVAILABILITY = YES_AGGRESSIVE;
				CLANG_WARN_UNREACHABLE_CODE = YES;
				CLANG_WARN__DUPLICATE_METHOD_MATCH = YES;
				CODE_SIGN_IDENTITY = "iPhone Developer";
				COPY_PHASE_STRIP = NO;
				DEBUG_INFORMATION_FORMAT = "dwarf-with-dsym";
				ENABLE_NS_ASSERTIONS = NO;
				ENABLE_STRICT_OBJC_MSGSEND = YES;
				GCC_C_LANGUAGE_STANDARD = gnu11;
				GCC_NO_COMMON_BLOCKS = YES;
				GCC_WARN_64_TO_32_BIT_CONVERSION = YES;
				GCC_WARN_ABOUT_RETURN_TYPE = YES_ERROR;
				GCC_WARN_UNDECLARED_SELECTOR = YES;
				GCC_WARN_UNINITIALIZED_AUTOS = YES_AGGRESSIVE;
				GCC_WARN_UNUSED_FUNCTION = YES;
				GCC_WARN_UNUSED_VARIABLE = YES;
				IPHONEOS_DEPLOYMENT_TARGET = 11.4;
				MTL_ENABLE_DEBUG_INFO = NO;
				SDKROOT = iphoneos;
				SWIFT_COMPILATION_MODE = wholemodule;
				SWIFT_OPTIMIZATION_LEVEL = "-O";
				VALIDATE_PRODUCT = YES;
			};
			name = Release;
		};
		CA9AF92D20F759030092E0AB /* Debug */ = {
			isa = XCBuildConfiguration;
			buildSettings = {
				ASSETCATALOG_COMPILER_APPICON_NAME = AppIcon;
				CODE_SIGN_STYLE = Automatic;
				DEVELOPMENT_TEAM = QV3TMVS67M;
				INFOPLIST_FILE = "360 Video/Info.plist";
				IPHONEOS_DEPLOYMENT_TARGET = 11.2;
				LD_RUNPATH_SEARCH_PATHS = (
					"$(inherited)",
					"@executable_path/Frameworks",
				);
				PRODUCT_BUNDLE_IDENTIFIER = com.anith.ios;
				PRODUCT_NAME = "$(TARGET_NAME)";
				SWIFT_VERSION = 4.0;
				TARGETED_DEVICE_FAMILY = "1,2";
			};
			name = Debug;
		};
		CA9AF92E20F759030092E0AB /* Release */ = {
			isa = XCBuildConfiguration;
			buildSettings = {
				ASSETCATALOG_COMPILER_APPICON_NAME = AppIcon;
				CODE_SIGN_STYLE = Automatic;
				DEVELOPMENT_TEAM = QV3TMVS67M;
				INFOPLIST_FILE = "360 Video/Info.plist";
				IPHONEOS_DEPLOYMENT_TARGET = 11.2;
				LD_RUNPATH_SEARCH_PATHS = (
					"$(inherited)",
					"@executable_path/Frameworks",
				);
				PRODUCT_BUNDLE_IDENTIFIER = com.anith.ios;
				PRODUCT_NAME = "$(TARGET_NAME)";
				SWIFT_VERSION = 4.0;
				TARGETED_DEVICE_FAMILY = "1,2";
			};
			name = Release;
		};
/* End XCBuildConfiguration section */

/* Begin XCConfigurationList section */
		CA9AF91520F758FA0092E0AB /* Build configuration list for PBXProject "AR 360 Video Portal" */ = {
			isa = XCConfigurationList;
			buildConfigurations = (
				CA9AF92A20F759030092E0AB /* Debug */,
				CA9AF92B20F759030092E0AB /* Release */,
			);
			defaultConfigurationIsVisible = 0;
			defaultConfigurationName = Release;
		};
		CA9AF92C20F759030092E0AB /* Build configuration list for PBXNativeTarget "AR 360 Video Portal" */ = {
			isa = XCConfigurationList;
			buildConfigurations = (
				CA9AF92D20F759030092E0AB /* Debug */,
				CA9AF92E20F759030092E0AB /* Release */,
			);
			defaultConfigurationIsVisible = 0;
			defaultConfigurationName = Release;
		};
/* End XCConfigurationList section */
	};
	rootObject = CA9AF91220F758FA0092E0AB /* Project object */;
}
